{
  "requires": true,
  "lockfileVersion": 1,
  "dependencies": {
    "js-email-autocomplete": {
      "version": "1.0.3",
      "resolved": "https://registry.npmjs.org/js-email-autocomplete/-/js-email-autocomplete-1.0.3.tgz",
      "integrity": "sha512-uyTXXV79O6BfRPZaCgbjk9DcY+3a8TxH7AJ8j2UC95iIfHJZnHs+jT1CRAAb5iqdKTVC4Uz3lIe/vENpu3BbBA=="
    }
  }
}
